
Microsoft Visual Studio Solution File, Format Version 12.00
# Visual Studio Version 17
VisualStudioVersion = 17.5.2.0
MinimumVisualStudioVersion = 10.0.40219.1
Project("{FAE04EC0-301F-11D3-BF4B-00C04F79EFBC}") = "PasswordGeneratorDataLayer", "PasswordGeneratorDataLayer\PasswordGeneratorDataLayer.csproj", "{392F177A-F7FA-477B-9329-FFA94F4C472F}"
EndProject
Project("{FAE04EC0-301F-11D3-BF4B-00C04F79EFBC}") = "PasswordGeneratorModels", "PasswordGeneratorModels\PasswordGeneratorModels.csproj", "{2EED3E3C-587B-44D2-9D2F-1E1415D549F6}"
EndProject
Project("{2150E333-8FDC-42A3-9474-1A3956D46DE8}") = "PasswordGenerator", "PasswordGenerator", "{FC5A222B-5205-D5C5-0A3E-D8C8F9BCBB0C}"
EndProject
Project("{FAE04EC0-301F-11D3-BF4B-00C04F79EFBC}") = "Password-Generator", "PasswordGenerator\Password-Generator.csproj", "{57B8452A-3F4D-45EB-88C9-3AA74EDFF0A7}"
EndProject
Global
	GlobalSection(SolutionConfigurationPlatforms) = preSolution
		Debug|Any CPU = Debug|Any CPU
		Debug|x64 = Debug|x64
		Debug|x86 = Debug|x86
		Release|Any CPU = Release|Any CPU
		Release|x64 = Release|x64
		Release|x86 = Release|x86
	EndGlobalSection
	GlobalSection(ProjectConfigurationPlatforms) = postSolution
		{392F177A-F7FA-477B-9329-FFA94F4C472F}.Debug|Any CPU.ActiveCfg = Debug|Any CPU
		{392F177A-F7FA-477B-9329-FFA94F4C472F}.Debug|Any CPU.Build.0 = Debug|Any CPU
		{392F177A-F7FA-477B-9329-FFA94F4C472F}.Debug|x64.ActiveCfg = Debug|Any CPU
		{392F177A-F7FA-477B-9329-FFA94F4C472F}.Debug|x64.Build.0 = Debug|Any CPU
		{392F177A-F7FA-477B-9329-FFA94F4C472F}.Debug|x86.ActiveCfg = Debug|Any CPU
		{392F177A-F7FA-477B-9329-FFA94F4C472F}.Debug|x86.Build.0 = Debug|Any CPU
		{392F177A-F7FA-477B-9329-FFA94F4C472F}.Release|Any CPU.ActiveCfg = Release|Any CPU
		{392F177A-F7FA-477B-9329-FFA94F4C472F}.Release|Any CPU.Build.0 = Release|Any CPU
		{392F177A-F7FA-477B-9329-FFA94F4C472F}.Release|x64.ActiveCfg = Release|Any CPU
		{392F177A-F7FA-477B-9329-FFA94F4C472F}.Release|x64.Build.0 = Release|Any CPU
		{392F177A-F7FA-477B-9329-FFA94F4C472F}.Release|x86.ActiveCfg = Release|Any CPU
		{392F177A-F7FA-477B-9329-FFA94F4C472F}.Release|x86.Build.0 = Release|Any CPU
		{2EED3E3C-587B-44D2-9D2F-1E1415D549F6}.Debug|Any CPU.ActiveCfg = Debug|Any CPU
		{2EED3E3C-587B-44D2-9D2F-1E1415D549F6}.Debug|Any CPU.Build.0 = Debug|Any CPU
		{2EED3E3C-587B-44D2-9D2F-1E1415D549F6}.Debug|x64.ActiveCfg = Debug|Any CPU
		{2EED3E3C-587B-44D2-9D2F-1E1415D549F6}.Debug|x64.Build.0 = Debug|Any CPU
		{2EED3E3C-587B-44D2-9D2F-1E1415D549F6}.Debug|x86.ActiveCfg = Debug|Any CPU
		{2EED3E3C-587B-44D2-9D2F-1E1415D549F6}.Debug|x86.Build.0 = Debug|Any CPU
		{2EED3E3C-587B-44D2-9D2F-1E1415D549F6}.Release|Any CPU.ActiveCfg = Release|Any CPU
		{2EED3E3C-587B-44D2-9D2F-1E1415D549F6}.Release|Any CPU.Build.0 = Release|Any CPU
		{2EED3E3C-587B-44D2-9D2F-1E1415D549F6}.Release|x64.ActiveCfg = Release|Any CPU
		{2EED3E3C-587B-44D2-9D2F-1E1415D549F6}.Release|x64.Build.0 = Release|Any CPU
		{2EED3E3C-587B-44D2-9D2F-1E1415D549F6}.Release|x86.ActiveCfg = Release|Any CPU
		{2EED3E3C-587B-44D2-9D2F-1E1415D549F6}.Release|x86.Build.0 = Release|Any CPU
		{57B8452A-3F4D-45EB-88C9-3AA74EDFF0A7}.Debug|Any CPU.ActiveCfg = Debug|Any CPU
		{57B8452A-3F4D-45EB-88C9-3AA74EDFF0A7}.Debug|Any CPU.Build.0 = Debug|Any CPU
		{57B8452A-3F4D-45EB-88C9-3AA74EDFF0A7}.Debug|x64.ActiveCfg = Debug|Any CPU
		{57B8452A-3F4D-45EB-88C9-3AA74EDFF0A7}.Debug|x64.Build.0 = Debug|Any CPU
		{57B8452A-3F4D-45EB-88C9-3AA74EDFF0A7}.Debug|x86.ActiveCfg = Debug|Any CPU
		{57B8452A-3F4D-45EB-88C9-3AA74EDFF0A7}.Debug|x86.Build.0 = Debug|Any CPU
		{57B8452A-3F4D-45EB-88C9-3AA74EDFF0A7}.Release|Any CPU.ActiveCfg = Release|Any CPU
		{57B8452A-3F4D-45EB-88C9-3AA74EDFF0A7}.Release|Any CPU.Build.0 = Release|Any CPU
		{57B8452A-3F4D-45EB-88C9-3AA74EDFF0A7}.Release|x64.ActiveCfg = Release|Any CPU
		{57B8452A-3F4D-45EB-88C9-3AA74EDFF0A7}.Release|x64.Build.0 = Release|Any CPU
		{57B8452A-3F4D-45EB-88C9-3AA74EDFF0A7}.Release|x86.ActiveCfg = Release|Any CPU
		{57B8452A-3F4D-45EB-88C9-3AA74EDFF0A7}.Release|x86.Build.0 = Release|Any CPU
	EndGlobalSection
	GlobalSection(SolutionProperties) = preSolution
		HideSolutionNode = FALSE
	EndGlobalSection
	GlobalSection(NestedProjects) = preSolution
		{57B8452A-3F4D-45EB-88C9-3AA74EDFF0A7} = {FC5A222B-5205-D5C5-0A3E-D8C8F9BCBB0C}
	EndGlobalSection
	GlobalSection(ExtensibilityGlobals) = postSolution
		SolutionGuid = {38BD5B01-2CBD-43DB-9E45-93606C02D403}
	EndGlobalSection
EndGlobal
